
Microsoft Visual Studio Solution File, Format Version 12.00
# Visual Studio Version 16
VisualStudioVersion = 16.0.31729.503
MinimumVisualStudioVersion = 10.0.40219.1
Project("{FAE04EC0-301F-11D3-BF4B-00C04F79EFBC}") = "Kantor_WebAPI", "Kantor_WebAPI\Kantor_WebAPI.csproj", "{308F9FBF-EAB9-4564-BC1B-B718CA5FAE32}"
EndProject
Global
	GlobalSection(SolutionConfigurationPlatforms) = preSolution
		Debug|Any CPU = Debug|Any CPU
		Release|Any CPU = Release|Any CPU
	EndGlobalSection
	GlobalSection(ProjectConfigurationPlatforms) = postSolution
		{308F9FBF-EAB9-4564-BC1B-B718CA5FAE32}.Debug|Any CPU.ActiveCfg = Debug|Any CPU
		{308F9FBF-EAB9-4564-BC1B-B718CA5FAE32}.Debug|Any CPU.Build.0 = Debug|Any CPU
		{308F9FBF-EAB9-4564-BC1B-B718CA5FAE32}.Release|Any CPU.ActiveCfg = Release|Any CPU
		{308F9FBF-EAB9-4564-BC1B-B718CA5FAE32}.Release|Any CPU.Build.0 = Release|Any CPU
	EndGlobalSection
	GlobalSection(SolutionProperties) = preSolution
		HideSolutionNode = FALSE
	EndGlobalSection
	GlobalSection(ExtensibilityGlobals) = postSolution
		SolutionGuid = {B568B55C-5157-41C4-9F9C-66E2F01DF6EB}
	EndGlobalSection
EndGlobal
